
Microsoft Visual Studio Solution File, Format Version 12.00
# Visual Studio Version 17
VisualStudioVersion = 17.10.34928.147
MinimumVisualStudioVersion = 10.0.40219.1
Project("{FAE04EC0-301F-11D3-BF4B-00C04F79EFBC}") = "UnicomTicManagementSystem", "UnicomTicManagementSystem\UnicomTicManagementSystem.csproj", "{52BD101E-6C10-40B1-A1CC-77EAF0B0262E}"
EndProject
Global
	GlobalSection(SolutionConfigurationPlatforms) = preSolution
		Debug|Any CPU = Debug|Any CPU
		Release|Any CPU = Release|Any CPU
	EndGlobalSection
	GlobalSection(ProjectConfigurationPlatforms) = postSolution
		{52BD101E-6C10-40B1-A1CC-77EAF0B0262E}.Debug|Any CPU.ActiveCfg = Debug|Any CPU
		{52BD101E-6C10-40B1-A1CC-77EAF0B0262E}.Debug|Any CPU.Build.0 = Debug|Any CPU
		{52BD101E-6C10-40B1-A1CC-77EAF0B0262E}.Release|Any CPU.ActiveCfg = Release|Any CPU
		{52BD101E-6C10-40B1-A1CC-77EAF0B0262E}.Release|Any CPU.Build.0 = Release|Any CPU
	EndGlobalSection
	GlobalSection(SolutionProperties) = preSolution
		HideSolutionNode = FALSE
	EndGlobalSection
	GlobalSection(ExtensibilityGlobals) = postSolution
		SolutionGuid = {3A43A0E5-B54F-4748-882D-C0D431F8099F}
	EndGlobalSection
EndGlobal
